
Microsoft Visual Studio Solution File, Format Version 12.00
# Visual Studio Version 17
VisualStudioVersion = 17.9.34728.123
MinimumVisualStudioVersion = 10.0.40219.1
Project("{FAE04EC0-301F-11D3-BF4B-00C04F79EFBC}") = "asset-management-system", "asset-management-system.csproj", "{96525A30-5F41-476B-8B56-78C8864D42B4}"
EndProject
Global
	GlobalSection(SolutionConfigurationPlatforms) = preSolution
		Debug|Any CPU = Debug|Any CPU
		Release|Any CPU = Release|Any CPU
	EndGlobalSection
	GlobalSection(ProjectConfigurationPlatforms) = postSolution
		{96525A30-5F41-476B-8B56-78C8864D42B4}.Debug|Any CPU.ActiveCfg = Debug|Any CPU
		{96525A30-5F41-476B-8B56-78C8864D42B4}.Debug|Any CPU.Build.0 = Debug|Any CPU
		{96525A30-5F41-476B-8B56-78C8864D42B4}.Release|Any CPU.ActiveCfg = Release|Any CPU
		{96525A30-5F41-476B-8B56-78C8864D42B4}.Release|Any CPU.Build.0 = Release|Any CPU
	EndGlobalSection
	GlobalSection(SolutionProperties) = preSolution
		HideSolutionNode = FALSE
	EndGlobalSection
	GlobalSection(ExtensibilityGlobals) = postSolution
		SolutionGuid = {4BB346D4-1A75-4A75-A72F-4344D6FC374E}
	EndGlobalSection
EndGlobal
